
Microsoft Visual Studio Solution File, Format Version 12.00
# Visual Studio Version 17
VisualStudioVersion = 17.7.34031.279
MinimumVisualStudioVersion = 10.0.40219.1
Project("{8BC9CEB8-8B4A-11D0-8D11-00A0C91BC942}") = "1.10", "1.10\1.10.vcxproj", "{D75F0B7E-43E2-44CC-99A9-11146810ADAB}"
EndProject
Global
	GlobalSection(SolutionConfigurationPlatforms) = preSolution
		Debug|x64 = Debug|x64
		Debug|x86 = Debug|x86
		Release|x64 = Release|x64
		Release|x86 = Release|x86
	EndGlobalSection
	GlobalSection(ProjectConfigurationPlatforms) = postSolution
		{D75F0B7E-43E2-44CC-99A9-11146810ADAB}.Debug|x64.ActiveCfg = Debug|x64
		{D75F0B7E-43E2-44CC-99A9-11146810ADAB}.Debug|x64.Build.0 = Debug|x64
		{D75F0B7E-43E2-44CC-99A9-11146810ADAB}.Debug|x86.ActiveCfg = Debug|Win32
		{D75F0B7E-43E2-44CC-99A9-11146810ADAB}.Debug|x86.Build.0 = Debug|Win32
		{D75F0B7E-43E2-44CC-99A9-11146810ADAB}.Release|x64.ActiveCfg = Release|x64
		{D75F0B7E-43E2-44CC-99A9-11146810ADAB}.Release|x64.Build.0 = Release|x64
		{D75F0B7E-43E2-44CC-99A9-11146810ADAB}.Release|x86.ActiveCfg = Release|Win32
		{D75F0B7E-43E2-44CC-99A9-11146810ADAB}.Release|x86.Build.0 = Release|Win32
	EndGlobalSection
	GlobalSection(SolutionProperties) = preSolution
		HideSolutionNode = FALSE
	EndGlobalSection
	GlobalSection(ExtensibilityGlobals) = postSolution
		SolutionGuid = {AC2E11DF-3EB6-4449-AE18-7B3EE8B5E412}
	EndGlobalSection
EndGlobal
